
Microsoft Visual Studio Solution File, Format Version 12.00
# Visual Studio Version 16
VisualStudioVersion = 16.0.29209.62
MinimumVisualStudioVersion = 10.0.40219.1
Project("{FAE04EC0-301F-11D3-BF4B-00C04F79EFBC}") = "HbsTransformersDemo", "HbsTransformersDemo\HbsTransformersDemo.csproj", "{13754134-0556-40A2-A65F-447E0B5E951C}"
EndProject
Project("{2150E333-8FDC-42A3-9474-1A3956D46DE8}") = "Solution Items", "Solution Items", "{9A0D084B-15BA-43D8-86D4-5D5FC3A6637F}"
	ProjectSection(SolutionItems) = preProject
		global.json = global.json
	EndProjectSection
EndProject
Global
	GlobalSection(SolutionConfigurationPlatforms) = preSolution
		Debug|Any CPU = Debug|Any CPU
		Release|Any CPU = Release|Any CPU
	EndGlobalSection
	GlobalSection(ProjectConfigurationPlatforms) = postSolution
		{13754134-0556-40A2-A65F-447E0B5E951C}.Debug|Any CPU.ActiveCfg = Debug|Any CPU
		{13754134-0556-40A2-A65F-447E0B5E951C}.Debug|Any CPU.Build.0 = Debug|Any CPU
		{13754134-0556-40A2-A65F-447E0B5E951C}.Release|Any CPU.ActiveCfg = Release|Any CPU
		{13754134-0556-40A2-A65F-447E0B5E951C}.Release|Any CPU.Build.0 = Release|Any CPU
	EndGlobalSection
	GlobalSection(SolutionProperties) = preSolution
		HideSolutionNode = FALSE
	EndGlobalSection
	GlobalSection(ExtensibilityGlobals) = postSolution
		SolutionGuid = {D83DCCC6-717F-4167-A397-A79D323679C3}
	EndGlobalSection
EndGlobal
